// !$*UTF8*$!
{
	archiveVersion = 1;
	classes = {
	};
	objectVersion = 55;
	objects = {

/* Begin PBXBuildFile section */
		2AE3EDD727AFEDD800EED54E /* CalculatoriOSAppApp.swift in Sources */ = {isa = PBXBuildFile; fileRef = 2AE3EDD627AFEDD800EED54E /* CalculatoriOSAppApp.swift */; };
		2AE3EDD927AFEDD800EED54E /* ContentView.swift in Sources */ = {isa = PBXBuildFile; fileRef = 2AE3EDD827AFEDD800EED54E /* ContentView.swift */; };
		2AE3EDDB27AFEDD900EED54E /* Assets.xcassets in Resources */ = {isa = PBXBuildFile; fileRef = 2AE3EDDA27AFEDD900EED54E /* Assets.xcassets */; };
		2AE3EDDE27AFEDD900EED54E /* Preview Assets.xcassets in Resources */ = {isa = PBXBuildFile; fileRef = 2AE3EDDD27AFEDD900EED54E /* Preview Assets.xcassets */; };
		2AE3EDE827AFEDD900EED54E /* CalculatoriOSAppTests.swift in Sources */ = {isa = PBXBuildFile; fileRef = 2AE3EDE727AFEDD900EED54E /* CalculatoriOSAppTests.swift */; };
		2AE3EDF227AFEDD900EED54E /* CalculatoriOSAppUITests.swift in Sources */ = {isa = PBXBuildFile; fileRef = 2AE3EDF127AFEDD900EED54E /* CalculatoriOSAppUITests.swift */; };
		2AE3EDF427AFEDD900EED54E /* CalculatoriOSAppUITestsLaunchTests.swift in Sources */ = {isa = PBXBuildFile; fileRef = 2AE3EDF327AFEDD900EED54E /* CalculatoriOSAppUITestsLaunchTests.swift */; };
/* End PBXBuildFile section */

/* Begin PBXContainerItemProxy section */
		2AE3EDE427AFEDD900EED54E /* PBXContainerItemProxy */ = {
			isa = PBXContainerItemProxy;
			containerPortal = 2AE3EDCB27AFEDD800EED54E /* Project object */;
			proxyType = 1;
			remoteGlobalIDString = 2AE3EDD227AFEDD800EED54E;
			remoteInfo = CalculatoriOSApp;
		};
		2AE3EDEE27AFEDD900EED54E /* PBXContainerItemProxy */ = {
			isa = PBXContainerItemProxy;
			containerPortal = 2AE3EDCB27AFEDD800EED54E /* Project object */;
			proxyType = 1;
			remoteGlobalIDString = 2AE3EDD227AFEDD800EED54E;
			remoteInfo = CalculatoriOSApp;
		};
/* End PBXContainerItemProxy section */

/* Begin PBXFileReference section */
		2AE3EDD327AFEDD800EED54E /* CalculatoriOSApp.app */ = {isa = PBXFileReference; explicitFileType = wrapper.application; includeInIndex = 0; path = CalculatoriOSApp.app; sourceTree = BUILT_PRODUCTS_DIR; };
		2AE3EDD627AFEDD800EED54E /* CalculatoriOSAppApp.swift */ = {isa = PBXFileReference; lastKnownFileType = sourcecode.swift; path = CalculatoriOSAppApp.swift; sourceTree = "<group>"; };
		2AE3EDD827AFEDD800EED54E /* ContentView.swift */ = {isa = PBXFileReference; lastKnownFileType = sourcecode.swift; path = ContentView.swift; sourceTree = "<group>"; };
		2AE3EDDA27AFEDD900EED54E /* Assets.xcassets */ = {isa = PBXFileReference; lastKnownFileType = folder.assetcatalog; path = Assets.xcassets; sourceTree = "<group>"; };
		2AE3EDDD27AFEDD900EED54E /* Preview Assets.xcassets */ = {isa = PBXFileReference; lastKnownFileType = folder.assetcatalog; path = "Preview Assets.xcassets"; sourceTree = "<group>"; };
		2AE3EDE327AFEDD900EED54E /* CalculatoriOSAppTests.xctest */ = {isa = PBXFileReference; explicitFileType = wrapper.cfbundle; includeInIndex = 0; path = CalculatoriOSAppTests.xctest; sourceTree = BUILT_PRODUCTS_DIR; };
		2AE3EDE727AFEDD900EED54E /* CalculatoriOSAppTests.swift */ = {isa = PBXFileReference; lastKnownFileType = sourcecode.swift; path = CalculatoriOSAppTests.swift; sourceTree = "<group>"; };
		2AE3EDED27AFEDD900EED54E /* CalculatoriOSAppUITests.xctest */ = {isa = PBXFileReference; explicitFileType = wrapper.cfbundle; includeInIndex = 0; path = CalculatoriOSAppUITests.xctest; sourceTree = BUILT_PRODUCTS_DIR; };
		2AE3EDF127AFEDD900EED54E /* CalculatoriOSAppUITests.swift */ = {isa = PBXFileReference; lastKnownFileType = sourcecode.swift; path = CalculatoriOSAppUITests.swift; sourceTree = "<group>"; };
		2AE3EDF327AFEDD900EED54E /* CalculatoriOSAppUITestsLaunchTests.swift */ = {isa = PBXFileReference; lastKnownFileType = sourcecode.swift; path = CalculatoriOSAppUITestsLaunchTests.swift; sourceTree = "<group>"; };
/* End PBXFileReference section */

/* Begin PBXFrameworksBuildPhase section */
		2AE3EDD027AFEDD800EED54E /* Frameworks */ = {
			isa = PBXFrameworksBuildPhase;
			buildActionMask = 2147483647;
			files = (
			);
			runOnlyForDeploymentPostprocessing = 0;
		};
		2AE3EDE027AFEDD900EED54E /* Frameworks */ = {
			isa = PBXFrameworksBuildPhase;
			buildActionMask = 2147483647;
			files = (
			);
			runOnlyForDeploymentPostprocessing = 0;
		};
		2AE3EDEA27AFEDD900EED54E /* Frameworks */ = {
			isa = PBXFrameworksBuildPhase;
			buildActionMask = 2147483647;
			files = (
			);
			runOnlyForDeploymentPostprocessing = 0;
		};
/* End PBXFrameworksBuildPhase section */

/* Begin PBXGroup section */
		2AE3EDCA27AFEDD800EED54E = {
			isa = PBXGroup;
			children = (
				2AE3EDD527AFEDD800EED54E /* CalculatoriOSApp */,
				2AE3EDE627AFEDD900EED54E /* CalculatoriOSAppTests */,
				2AE3EDF027AFEDD900EED54E /* CalculatoriOSAppUITests */,
				2AE3EDD427AFEDD800EED54E /* Products */,
			);
			sourceTree = "<group>";
		};
		2AE3EDD427AFEDD800EED54E /* Products */ = {
			isa = PBXGroup;
			children = (
				2AE3EDD327AFEDD800EED54E /* CalculatoriOSApp.app */,
				2AE3EDE327AFEDD900EED54E /* CalculatoriOSAppTests.xctest */,
				2AE3EDED27AFEDD900EED54E /* CalculatoriOSAppUITests.xctest */,
			);
			name = Products;
			sourceTree = "<group>";
		};
		2AE3EDD527AFEDD800EED54E /* CalculatoriOSApp */ = {
			isa = PBXGroup;
			children = (
				2AE3EDD627AFEDD800EED54E /* CalculatoriOSAppApp.swift */,
				2AE3EDD827AFEDD800EED54E /* ContentView.swift */,
				2AE3EDDA27AFEDD900EED54E /* Assets.xcassets */,
				2AE3EDDC27AFEDD900EED54E /* Preview Content */,
			);
			path = CalculatoriOSApp;
			sourceTree = "<group>";
		};
		2AE3EDDC27AFEDD900EED54E /* Preview Content */ = {
			isa = PBXGroup;
			children = (
				2AE3EDDD27AFEDD900EED54E /* Preview Assets.xcassets */,
			);
			path = "Preview Content";
			sourceTree = "<group>";
		};
		2AE3EDE627AFEDD900EED54E /* CalculatoriOSAppTests */ = {
			isa = PBXGroup;
			children = (
				2AE3EDE727AFEDD900EED54E /* CalculatoriOSAppTests.swift */,
			);
			path = CalculatoriOSAppTests;
			sourceTree = "<group>";
		};
		2AE3EDF027AFEDD900EED54E /* CalculatoriOSAppUITests */ = {
			isa = PBXGroup;
			children = (
				2AE3EDF127AFEDD900EED54E /* CalculatoriOSAppUITests.swift */,
				2AE3EDF327AFEDD900EED54E /* CalculatoriOSAppUITestsLaunchTests.swift */,
			);
			path = CalculatoriOSAppUITests;
			sourceTree = "<group>";
		};
/* End PBXGroup section */

/* Begin PBXNativeTarget section */
		2AE3EDD227AFEDD800EED54E /* CalculatoriOSApp */ = {
			isa = PBXNativeTarget;
			buildConfigurationList = 2AE3EDF727AFEDD900EED54E /* Build configuration list for PBXNativeTarget "CalculatoriOSApp" */;
			buildPhases = (
				2AE3EDCF27AFEDD800EED54E /* Sources */,
				2AE3EDD027AFEDD800EED54E /* Frameworks */,
				2AE3EDD127AFEDD800EED54E /* Resources */,
			);
			buildRules = (
			);
			dependencies = (
			);
			name = CalculatoriOSApp;
			productName = CalculatoriOSApp;
			productReference = 2AE3EDD327AFEDD800EED54E /* CalculatoriOSApp.app */;
			productType = "com.apple.product-type.application";
		};
		2AE3EDE227AFEDD900EED54E /* CalculatoriOSAppTests */ = {
			isa = PBXNativeTarget;
			buildConfigurationList = 2AE3EDFA27AFEDD900EED54E /* Build configuration list for PBXNativeTarget "CalculatoriOSAppTests" */;
			buildPhases = (
				2AE3EDDF27AFEDD900EED54E /* Sources */,
				2AE3EDE027AFEDD900EED54E /* Frameworks */,
				2AE3EDE127AFEDD900EED54E /* Resources */,
			);
			buildRules = (
			);
			dependencies = (
				2AE3EDE527AFEDD900EED54E /* PBXTargetDependency */,
			);
			name = CalculatoriOSAppTests;
			productName = CalculatoriOSAppTests;
			productReference = 2AE3EDE327AFEDD900EED54E /* CalculatoriOSAppTests.xctest */;
			productType = "com.apple.product-type.bundle.unit-test";
		};
		2AE3EDEC27AFEDD900EED54E /* CalculatoriOSAppUITests */ = {
			isa = PBXNativeTarget;
			buildConfigurationList = 2AE3EDFD27AFEDD900EED54E /* Build configuration list for PBXNativeTarget "CalculatoriOSAppUITests" */;
			buildPhases = (
				2AE3EDE927AFEDD900EED54E /* Sources */,
				2AE3EDEA27AFEDD900EED54E /* Frameworks */,
				2AE3EDEB27AFEDD900EED54E /* Resources */,
			);
			buildRules = (
			);
			dependencies = (
				2AE3EDEF27AFEDD900EED54E /* PBXTargetDependency */,
			);
			name = CalculatoriOSAppUITests;
			productName = CalculatoriOSAppUITests;
			productReference = 2AE3EDED27AFEDD900EED54E /* CalculatoriOSAppUITests.xctest */;
			productType = "com.apple.product-type.bundle.ui-testing";
		};
/* End PBXNativeTarget section */

/* Begin PBXProject section */
		2AE3EDCB27AFEDD800EED54E /* Project object */ = {
			isa = PBXProject;
			attributes = {
				BuildIndependentTargetsInParallel = 1;
				LastSwiftUpdateCheck = 1320;
				LastUpgradeCheck = 1320;
				TargetAttributes = {
					2AE3EDD227AFEDD800EED54E = {
						CreatedOnToolsVersion = 13.2.1;
					};
					2AE3EDE227AFEDD900EED54E = {
						CreatedOnToolsVersion = 13.2.1;
						TestTargetID = 2AE3EDD227AFEDD800EED54E;
					};
					2AE3EDEC27AFEDD900EED54E = {
						CreatedOnToolsVersion = 13.2.1;
						TestTargetID = 2AE3EDD227AFEDD800EED54E;
					};
				};
			};
			buildConfigurationList = 2AE3EDCE27AFEDD800EED54E /* Build configuration list for PBXProject "CalculatoriOSApp" */;
			compatibilityVersion = "Xcode 13.0";
			developmentRegion = en;
			hasScannedForEncodings = 0;
			knownRegions = (
				en,
				Base,
			);
			mainGroup = 2AE3EDCA27AFEDD800EED54E;
			productRefGroup = 2AE3EDD427AFEDD800EED54E /* Products */;
			projectDirPath = "";
			projectRoot = "";
			targets = (
				2AE3EDD227AFEDD800EED54E /* CalculatoriOSApp */,
				2AE3EDE227AFEDD900EED54E /* CalculatoriOSAppTests */,
				2AE3EDEC27AFEDD900EED54E /* CalculatoriOSAppUITests */,
			);
		};
/* End PBXProject section */

/* Begin PBXResourcesBuildPhase section */
		2AE3EDD127AFEDD800EED54E /* Resources */ = {
			isa = PBXResourcesBuildPhase;
			buildActionMask = 2147483647;
			files = (
				2AE3EDDE27AFEDD900EED54E /* Preview Assets.xcassets in Resources */,
				2AE3EDDB27AFEDD900EED54E /* Assets.xcassets in Resources */,
			);
			runOnlyForDeploymentPostprocessing = 0;
		};
		2AE3EDE127AFEDD900EED54E /* Resources */ = {
			isa = PBXResourcesBuildPhase;
			buildActionMask = 2147483647;
			files = (
			);
			runOnlyForDeploymentPostprocessing = 0;
		};
		2AE3EDEB27AFEDD900EED54E /* Resources */ = {
			isa = PBXResourcesBuildPhase;
			buildActionMask = 2147483647;
			files = (
			);
			runOnlyForDeploymentPostprocessing = 0;
		};
/* End PBXResourcesBuildPhase section */

/* Begin PBXSourcesBuildPhase section */
		2AE3EDCF27AFEDD800EED54E /* Sources */ = {
			isa = PBXSourcesBuildPhase;
			buildActionMask = 2147483647;
			files = (
				2AE3EDD927AFEDD800EED54E /* ContentView.swift in Sources */,
				2AE3EDD727AFEDD800EED54E /* CalculatoriOSAppApp.swift in Sources */,
			);
			runOnlyForDeploymentPostprocessing = 0;
		};
		2AE3EDDF27AFEDD900EED54E /* Sources */ = {
			isa = PBXSourcesBuildPhase;
			buildActionMask = 2147483647;
			files = (
				2AE3EDE827AFEDD900EED54E /* CalculatoriOSAppTests.swift in Sources */,
			);
			runOnlyForDeploymentPostprocessing = 0;
		};
		2AE3EDE927AFEDD900EED54E /* Sources */ = {
			isa = PBXSourcesBuildPhase;
			buildActionMask = 2147483647;
			files = (
				2AE3EDF427AFEDD900EED54E /* CalculatoriOSAppUITestsLaunchTests.swift in Sources */,
				2AE3EDF227AFEDD900EED54E /* CalculatoriOSAppUITests.swift in Sources */,
			);
			runOnlyForDeploymentPostprocessing = 0;
		};
/* End PBXSourcesBuildPhase section */

/* Begin PBXTargetDependency section */
		2AE3EDE527AFEDD900EED54E /* PBXTargetDependency */ = {
			isa = PBXTargetDependency;
			target = 2AE3EDD227AFEDD800EED54E /* CalculatoriOSApp */;
			targetProxy = 2AE3EDE427AFEDD900EED54E /* PBXContainerItemProxy */;
		};
		2AE3EDEF27AFEDD900EED54E /* PBXTargetDependency */ = {
			isa = PBXTargetDependency;
			target = 2AE3EDD227AFEDD800EED54E /* CalculatoriOSApp */;
			targetProxy = 2AE3EDEE27AFEDD900EED54E /* PBXContainerItemProxy */;
		};
/* End PBXTargetDependency section */

/* Begin XCBuildConfiguration section */
		2AE3EDF527AFEDD900EED54E /* Debug */ = {
			isa = XCBuildConfiguration;
			buildSettings = {
				ALWAYS_SEARCH_USER_PATHS = NO;
				CLANG_ANALYZER_NONNULL = YES;
				CLANG_ANALYZER_NUMBER_OBJECT_CONVERSION = YES_AGGRESSIVE;
				CLANG_CXX_LANGUAGE_STANDARD = "gnu++17";
				CLANG_CXX_LIBRARY = "libc++";
				CLANG_ENABLE_MODULES = YES;
				CLANG_ENABLE_OBJC_ARC = YES;
				CLANG_ENABLE_OBJC_WEAK = YES;
				CLANG_WARN_BLOCK_CAPTURE_AUTORELEASING = YES;
				CLANG_WARN_BOOL_CONVERSION = YES;
				CLANG_WARN_COMMA = YES;
				CLANG_WARN_CONSTANT_CONVERSION = YES;
				CLANG_WARN_DEPRECATED_OBJC_IMPLEMENTATIONS = YES;
				CLANG_WARN_DIRECT_OBJC_ISA_USAGE = YES_ERROR;
				CLANG_WARN_DOCUMENTATION_COMMENTS = YES;
				CLANG_WARN_EMPTY_BODY = YES;
				CLANG_WARN_ENUM_CONVERSION = YES;
				CLANG_WARN_INFINITE_RECURSION = YES;
				CLANG_WARN_INT_CONVERSION = YES;
				CLANG_WARN_NON_LITERAL_NULL_CONVERSION = YES;
				CLANG_WARN_OBJC_IMPLICIT_RETAIN_SELF = YES;
				CLANG_WARN_OBJC_LITERAL_CONVERSION = YES;
				CLANG_WARN_OBJC_ROOT_CLASS = YES_ERROR;
				CLANG_WARN_QUOTED_INCLUDE_IN_FRAMEWORK_HEADER = YES;
				CLANG_WARN_RANGE_LOOP_ANALYSIS = YES;
				CLANG_WARN_STRICT_PROTOTYPES = YES;
				CLANG_WARN_SUSPICIOUS_MOVE = YES;
				CLANG_WARN_UNGUARDED_AVAILABILITY = YES_AGGRESSIVE;
				CLANG_WARN_UNREACHABLE_CODE = YES;
				CLANG_WARN__DUPLICATE_METHOD_MATCH = YES;
				COPY_PHASE_STRIP = NO;
				DEBUG_INFORMATION_FORMAT = dwarf;
				ENABLE_STRICT_OBJC_MSGSEND = YES;
				ENABLE_TESTABILITY = YES;
				GCC_C_LANGUAGE_STANDARD = gnu11;
				GCC_DYNAMIC_NO_PIC = NO;
				GCC_NO_COMMON_BLOCKS = YES;
				GCC_OPTIMIZATION_LEVEL = 0;
				GCC_PREPROCESSOR_DEFINITIONS = (
					"DEBUG=1",
					"$(inherited)",
				);
				GCC_WARN_64_TO_32_BIT_CONVERSION = YES;
				GCC_WARN_ABOUT_RETURN_TYPE = YES_ERROR;
				GCC_WARN_UNDECLARED_SELECTOR = YES;
				GCC_WARN_UNINITIALIZED_AUTOS = YES_AGGRESSIVE;
				GCC_WARN_UNUSED_FUNCTION = YES;
				GCC_WARN_UNUSED_VARIABLE = YES;
				IPHONEOS_DEPLOYMENT_TARGET = 15.2;
				MTL_ENABLE_DEBUG_INFO = INCLUDE_SOURCE;
				MTL_FAST_MATH = YES;
				ONLY_ACTIVE_ARCH = YES;
				SDKROOT = iphoneos;
				SWIFT_ACTIVE_COMPILATION_CONDITIONS = DEBUG;
				SWIFT_OPTIMIZATION_LEVEL = "-Onone";
			};
			name = Debug;
		};
		2AE3EDF627AFEDD900EED54E /* Release */ = {
			isa = XCBuildConfiguration;
			buildSettings = {
				ALWAYS_SEARCH_USER_PATHS = NO;
				CLANG_ANALYZER_NONNULL = YES;
				CLANG_ANALYZER_NUMBER_OBJECT_CONVERSION = YES_AGGRESSIVE;
				CLANG_CXX_LANGUAGE_STANDARD = "gnu++17";
				CLANG_CXX_LIBRARY = "libc++";
				CLANG_ENABLE_MODULES = YES;
				CLANG_ENABLE_OBJC_ARC = YES;
				CLANG_ENABLE_OBJC_WEAK = YES;
				CLANG_WARN_BLOCK_CAPTURE_AUTORELEASING = YES;
				CLANG_WARN_BOOL_CONVERSION = YES;
				CLANG_WARN_COMMA = YES;
				CLANG_WARN_CONSTANT_CONVERSION = YES;
				CLANG_WARN_DEPRECATED_OBJC_IMPLEMENTATIONS = YES;
				CLANG_WARN_DIRECT_OBJC_ISA_USAGE = YES_ERROR;
				CLANG_WARN_DOCUMENTATION_COMMENTS = YES;
				CLANG_WARN_EMPTY_BODY = YES;
				CLANG_WARN_ENUM_CONVERSION = YES;
				CLANG_WARN_INFINITE_RECURSION = YES;
				CLANG_WARN_INT_CONVERSION = YES;
				CLANG_WARN_NON_LITERAL_NULL_CONVERSION = YES;
				CLANG_WARN_OBJC_IMPLICIT_RETAIN_SELF = YES;
				CLANG_WARN_OBJC_LITERAL_CONVERSION = YES;
				CLANG_WARN_OBJC_ROOT_CLASS = YES_ERROR;
				CLANG_WARN_QUOTED_INCLUDE_IN_FRAMEWORK_HEADER = YES;
				CLANG_WARN_RANGE_LOOP_ANALYSIS = YES;
				CLANG_WARN_STRICT_PROTOTYPES = YES;
				CLANG_WARN_SUSPICIOUS_MOVE = YES;
				CLANG_WARN_UNGUARDED_AVAILABILITY = YES_AGGRESSIVE;
				CLANG_WARN_UNREACHABLE_CODE = YES;
				CLANG_WARN__DUPLICATE_METHOD_MATCH = YES;
				COPY_PHASE_STRIP = NO;
				DEBUG_INFORMATION_FORMAT = "dwarf-with-dsym";
				ENABLE_NS_ASSERTIONS = NO;
				ENABLE_STRICT_OBJC_MSGSEND = YES;
				GCC_C_LANGUAGE_STANDARD = gnu11;
				GCC_NO_COMMON_BLOCKS = YES;
				GCC_WARN_64_TO_32_BIT_CONVERSION = YES;
				GCC_WARN_ABOUT_RETURN_TYPE = YES_ERROR;
				GCC_WARN_UNDECLARED_SELECTOR = YES;
				GCC_WARN_UNINITIALIZED_AUTOS = YES_AGGRESSIVE;
				GCC_WARN_UNUSED_FUNCTION = YES;
				GCC_WARN_UNUSED_VARIABLE = YES;
				IPHONEOS_DEPLOYMENT_TARGET = 15.2;
				MTL_ENABLE_DEBUG_INFO = NO;
				MTL_FAST_MATH = YES;
				SDKROOT = iphoneos;
				SWIFT_COMPILATION_MODE = wholemodule;
				SWIFT_OPTIMIZATION_LEVEL = "-O";
				VALIDATE_PRODUCT = YES;
			};
			name = Release;
		};
		2AE3EDF827AFEDD900EED54E /* Debug */ = {
			isa = XCBuildConfiguration;
			buildSettings = {
				ASSETCATALOG_COMPILER_APPICON_NAME = AppIcon;
				ASSETCATALOG_COMPILER_GLOBAL_ACCENT_COLOR_NAME = AccentColor;
				CODE_SIGN_IDENTITY = "Apple Development";
				CODE_SIGN_STYLE = Automatic;
				CURRENT_PROJECT_VERSION = 1;
				DEVELOPMENT_ASSET_PATHS = "\"CalculatoriOSApp/Preview Content\"";
				DEVELOPMENT_TEAM = S3V4Q78UGD;
				ENABLE_PREVIEWS = YES;
				GENERATE_INFOPLIST_FILE = YES;
				INFOPLIST_KEY_UIApplicationSceneManifest_Generation = YES;
				INFOPLIST_KEY_UIApplicationSupportsIndirectInputEvents = YES;
				INFOPLIST_KEY_UILaunchScreen_Generation = YES;
				INFOPLIST_KEY_UISupportedInterfaceOrientations_iPad = "UIInterfaceOrientationPortrait UIInterfaceOrientationPortraitUpsideDown UIInterfaceOrientationLandscapeLeft UIInterfaceOrientationLandscapeRight";
				INFOPLIST_KEY_UISupportedInterfaceOrientations_iPhone = "UIInterfaceOrientationPortrait UIInterfaceOrientationLandscapeLeft UIInterfaceOrientationLandscapeRight";
				LD_RUNPATH_SEARCH_PATHS = (
					"$(inherited)",
					"@executable_path/Frameworks",
				);
				MARKETING_VERSION = 1.0;
				PRODUCT_BUNDLE_IDENTIFIER = HiSoft.CalculatoriOSApp;
				PRODUCT_NAME = "$(TARGET_NAME)";
				PROVISIONING_PROFILE_SPECIFIER = "";
				SWIFT_EMIT_LOC_STRINGS = YES;
				SWIFT_VERSION = 5.0;
				TARGETED_DEVICE_FAMILY = "1,2";
			};
			name = Debug;
		};
		2AE3EDF927AFEDD900EED54E /* Release */ = {
			isa = XCBuildConfiguration;
			buildSettings = {
				ASSETCATALOG_COMPILER_APPICON_NAME = AppIcon;
				ASSETCATALOG_COMPILER_GLOBAL_ACCENT_COLOR_NAME = AccentColor;
				CODE_SIGN_IDENTITY = "Apple Development";
				CODE_SIGN_STYLE = Automatic;
				CURRENT_PROJECT_VERSION = 1;
				DEVELOPMENT_ASSET_PATHS = "\"CalculatoriOSApp/Preview Content\"";
				DEVELOPMENT_TEAM = S3V4Q78UGD;
				ENABLE_PREVIEWS = YES;
				GENERATE_INFOPLIST_FILE = YES;
				INFOPLIST_KEY_UIApplicationSceneManifest_Generation = YES;
				INFOPLIST_KEY_UIApplicationSupportsIndirectInputEvents = YES;
				INFOPLIST_KEY_UILaunchScreen_Generation = YES;
				INFOPLIST_KEY_UISupportedInterfaceOrientations_iPad = "UIInterfaceOrientationPortrait UIInterfaceOrientationPortraitUpsideDown UIInterfaceOrientationLandscapeLeft UIInterfaceOrientationLandscapeRight";
				INFOPLIST_KEY_UISupportedInterfaceOrientations_iPhone = "UIInterfaceOrientationPortrait UIInterfaceOrientationLandscapeLeft UIInterfaceOrientationLandscapeRight";
				LD_RUNPATH_SEARCH_PATHS = (
					"$(inherited)",
					"@executable_path/Frameworks",
				);
				MARKETING_VERSION = 1.0;
				PRODUCT_BUNDLE_IDENTIFIER = HiSoft.CalculatoriOSApp;
				PRODUCT_NAME = "$(TARGET_NAME)";
				PROVISIONING_PROFILE_SPECIFIER = "";
				SWIFT_EMIT_LOC_STRINGS = YES;
				SWIFT_VERSION = 5.0;
				TARGETED_DEVICE_FAMILY = "1,2";
			};
			name = Release;
		};
		2AE3EDFB27AFEDD900EED54E /* Debug */ = {
			isa = XCBuildConfiguration;
			buildSettings = {
				ALWAYS_EMBED_SWIFT_STANDARD_LIBRARIES = YES;
				BUNDLE_LOADER = "$(TEST_HOST)";
				CODE_SIGN_STYLE = Automatic;
				CURRENT_PROJECT_VERSION = 1;
				GENERATE_INFOPLIST_FILE = YES;
				IPHONEOS_DEPLOYMENT_TARGET = 15.2;
				MARKETING_VERSION = 1.0;
				PRODUCT_BUNDLE_IDENTIFIER = HiSoft.CalculatoriOSAppTests;
				PRODUCT_NAME = "$(TARGET_NAME)";
				SWIFT_EMIT_LOC_STRINGS = NO;
				SWIFT_VERSION = 5.0;
				TARGETED_DEVICE_FAMILY = "1,2";
				TEST_HOST = "$(BUILT_PRODUCTS_DIR)/CalculatoriOSApp.app/CalculatoriOSApp";
			};
			name = Debug;
		};
		2AE3EDFC27AFEDD900EED54E /* Release */ = {
			isa = XCBuildConfiguration;
			buildSettings = {
				ALWAYS_EMBED_SWIFT_STANDARD_LIBRARIES = YES;
				BUNDLE_LOADER = "$(TEST_HOST)";
				CODE_SIGN_STYLE = Automatic;
				CURRENT_PROJECT_VERSION = 1;
				GENERATE_INFOPLIST_FILE = YES;
				IPHONEOS_DEPLOYMENT_TARGET = 15.2;
				MARKETING_VERSION = 1.0;
				PRODUCT_BUNDLE_IDENTIFIER = HiSoft.CalculatoriOSAppTests;
				PRODUCT_NAME = "$(TARGET_NAME)";
				SWIFT_EMIT_LOC_STRINGS = NO;
				SWIFT_VERSION = 5.0;
				TARGETED_DEVICE_FAMILY = "1,2";
				TEST_HOST = "$(BUILT_PRODUCTS_DIR)/CalculatoriOSApp.app/CalculatoriOSApp";
			};
			name = Release;
		};
		2AE3EDFE27AFEDD900EED54E /* Debug */ = {
			isa = XCBuildConfiguration;
			buildSettings = {
				ALWAYS_EMBED_SWIFT_STANDARD_LIBRARIES = YES;
				CODE_SIGN_STYLE = Automatic;
				CURRENT_PROJECT_VERSION = 1;
				GENERATE_INFOPLIST_FILE = YES;
				MARKETING_VERSION = 1.0;
				PRODUCT_BUNDLE_IDENTIFIER = HiSoft.CalculatoriOSAppUITests;
				PRODUCT_NAME = "$(TARGET_NAME)";
				SWIFT_EMIT_LOC_STRINGS = NO;
				SWIFT_VERSION = 5.0;
				TARGETED_DEVICE_FAMILY = "1,2";
				TEST_TARGET_NAME = CalculatoriOSApp;
			};
			name = Debug;
		};
		2AE3EDFF27AFEDD900EED54E /* Release */ = {
			isa = XCBuildConfiguration;
			buildSettings = {
				ALWAYS_EMBED_SWIFT_STANDARD_LIBRARIES = YES;
				CODE_SIGN_STYLE = Automatic;
				CURRENT_PROJECT_VERSION = 1;
				GENERATE_INFOPLIST_FILE = YES;
				MARKETING_VERSION = 1.0;
				PRODUCT_BUNDLE_IDENTIFIER = HiSoft.CalculatoriOSAppUITests;
				PRODUCT_NAME = "$(TARGET_NAME)";
				SWIFT_EMIT_LOC_STRINGS = NO;
				SWIFT_VERSION = 5.0;
				TARGETED_DEVICE_FAMILY = "1,2";
				TEST_TARGET_NAME = CalculatoriOSApp;
			};
			name = Release;
		};
/* End XCBuildConfiguration section */

/* Begin XCConfigurationList section */
		2AE3EDCE27AFEDD800EED54E /* Build configuration list for PBXProject "CalculatoriOSApp" */ = {
			isa = XCConfigurationList;
			buildConfigurations = (
				2AE3EDF527AFEDD900EED54E /* Debug */,
				2AE3EDF627AFEDD900EED54E /* Release */,
			);
			defaultConfigurationIsVisible = 0;
			defaultConfigurationName = Release;
		};
		2AE3EDF727AFEDD900EED54E /* Build configuration list for PBXNativeTarget "CalculatoriOSApp" */ = {
			isa = XCConfigurationList;
			buildConfigurations = (
				2AE3EDF827AFEDD900EED54E /* Debug */,
				2AE3EDF927AFEDD900EED54E /* Release */,
			);
			defaultConfigurationIsVisible = 0;
			defaultConfigurationName = Release;
		};
		2AE3EDFA27AFEDD900EED54E /* Build configuration list for PBXNativeTarget "CalculatoriOSAppTests" */ = {
			isa = XCConfigurationList;
			buildConfigurations = (
				2AE3EDFB27AFEDD900EED54E /* Debug */,
				2AE3EDFC27AFEDD900EED54E /* Release */,
			);
			defaultConfigurationIsVisible = 0;
			defaultConfigurationName = Release;
		};
		2AE3EDFD27AFEDD900EED54E /* Build configuration list for PBXNativeTarget "CalculatoriOSAppUITests" */ = {
			isa = XCConfigurationList;
			buildConfigurations = (
				2AE3EDFE27AFEDD900EED54E /* Debug */,
				2AE3EDFF27AFEDD900EED54E /* Release */,
			);
			defaultConfigurationIsVisible = 0;
			defaultConfigurationName = Release;
		};
/* End XCConfigurationList section */
	};
	rootObject = 2AE3EDCB27AFEDD800EED54E /* Project object */;
}
